
Microsoft Visual Studio Solution File, Format Version 12.00
# Visual Studio Version 17
VisualStudioVersion = 17.10.35122.118
MinimumVisualStudioVersion = 10.0.40219.1
Project("{9A19103F-16F7-4668-BE54-9A1E7A4F7556}") = "SalesOnline.Application", "SalesOnline.Application\SalesOnline.Application.csproj", "{9A14B1E5-9620-46DF-B84D-E152E92EDD73}"
EndProject
Project("{9A19103F-16F7-4668-BE54-9A1E7A4F7556}") = "SalesOnline.domain", "SalesOnline.domain\SalesOnline.domain.csproj", "{C4E97B34-0E19-4A0F-B3CE-8B080D66B44A}"
EndProject
Project("{9A19103F-16F7-4668-BE54-9A1E7A4F7556}") = "SalesOnline.Infraestructure", "SalesOnline.Infraestructure\SalesOnline.Infraestructure.csproj", "{A09C3307-D106-44A5-AFBF-247D5CDFBCF0}"
EndProject
Project("{9A19103F-16F7-4668-BE54-9A1E7A4F7556}") = "SalesOnline.IOC", "SalesOnline.IOC\SalesOnline.IOC.csproj", "{CFCD335A-022A-4FD7-8DB3-F86E5DE2D38F}"
EndProject
Project("{FAE04EC0-301F-11D3-BF4B-00C04F79EFBC}") = "SalesOnlinee.Api", "SalesOnlinee.Api\SalesOnlinee.Api.csproj", "{74E26084-7159-4ED9-BD9C-C165713196A8}"
EndProject
Project("{FAE04EC0-301F-11D3-BF4B-00C04F79EFBC}") = "SalesOnlinee.Web", "SalesOnlinee.Web\SalesOnlinee.Web.csproj", "{8CB99F3A-96DC-4926-82E1-28F0ECA82F2A}"
EndProject
Global
	GlobalSection(SolutionConfigurationPlatforms) = preSolution
		Debug|Any CPU = Debug|Any CPU
		Release|Any CPU = Release|Any CPU
	EndGlobalSection
	GlobalSection(ProjectConfigurationPlatforms) = postSolution
		{9A14B1E5-9620-46DF-B84D-E152E92EDD73}.Debug|Any CPU.ActiveCfg = Debug|Any CPU
		{9A14B1E5-9620-46DF-B84D-E152E92EDD73}.Debug|Any CPU.Build.0 = Debug|Any CPU
		{9A14B1E5-9620-46DF-B84D-E152E92EDD73}.Release|Any CPU.ActiveCfg = Release|Any CPU
		{9A14B1E5-9620-46DF-B84D-E152E92EDD73}.Release|Any CPU.Build.0 = Release|Any CPU
		{C4E97B34-0E19-4A0F-B3CE-8B080D66B44A}.Debug|Any CPU.ActiveCfg = Debug|Any CPU
		{C4E97B34-0E19-4A0F-B3CE-8B080D66B44A}.Debug|Any CPU.Build.0 = Debug|Any CPU
		{C4E97B34-0E19-4A0F-B3CE-8B080D66B44A}.Release|Any CPU.ActiveCfg = Release|Any CPU
		{C4E97B34-0E19-4A0F-B3CE-8B080D66B44A}.Release|Any CPU.Build.0 = Release|Any CPU
		{A09C3307-D106-44A5-AFBF-247D5CDFBCF0}.Debug|Any CPU.ActiveCfg = Debug|Any CPU
		{A09C3307-D106-44A5-AFBF-247D5CDFBCF0}.Debug|Any CPU.Build.0 = Debug|Any CPU
		{A09C3307-D106-44A5-AFBF-247D5CDFBCF0}.Release|Any CPU.ActiveCfg = Release|Any CPU
		{A09C3307-D106-44A5-AFBF-247D5CDFBCF0}.Release|Any CPU.Build.0 = Release|Any CPU
		{CFCD335A-022A-4FD7-8DB3-F86E5DE2D38F}.Debug|Any CPU.ActiveCfg = Debug|Any CPU
		{CFCD335A-022A-4FD7-8DB3-F86E5DE2D38F}.Debug|Any CPU.Build.0 = Debug|Any CPU
		{CFCD335A-022A-4FD7-8DB3-F86E5DE2D38F}.Release|Any CPU.ActiveCfg = Release|Any CPU
		{CFCD335A-022A-4FD7-8DB3-F86E5DE2D38F}.Release|Any CPU.Build.0 = Release|Any CPU
		{74E26084-7159-4ED9-BD9C-C165713196A8}.Debug|Any CPU.ActiveCfg = Debug|Any CPU
		{74E26084-7159-4ED9-BD9C-C165713196A8}.Debug|Any CPU.Build.0 = Debug|Any CPU
		{74E26084-7159-4ED9-BD9C-C165713196A8}.Release|Any CPU.ActiveCfg = Release|Any CPU
		{74E26084-7159-4ED9-BD9C-C165713196A8}.Release|Any CPU.Build.0 = Release|Any CPU
		{8CB99F3A-96DC-4926-82E1-28F0ECA82F2A}.Debug|Any CPU.ActiveCfg = Debug|Any CPU
		{8CB99F3A-96DC-4926-82E1-28F0ECA82F2A}.Debug|Any CPU.Build.0 = Debug|Any CPU
		{8CB99F3A-96DC-4926-82E1-28F0ECA82F2A}.Release|Any CPU.ActiveCfg = Release|Any CPU
		{8CB99F3A-96DC-4926-82E1-28F0ECA82F2A}.Release|Any CPU.Build.0 = Release|Any CPU
	EndGlobalSection
	GlobalSection(SolutionProperties) = preSolution
		HideSolutionNode = FALSE
	EndGlobalSection
	GlobalSection(ExtensibilityGlobals) = postSolution
		SolutionGuid = {7740A9E5-47FC-4A3D-822A-5861EA11EC50}
	EndGlobalSection
EndGlobal
